{
  "originHash" : "34e8052e7412c0e520857c59b2eec0e398fc12a0bf9d9983df49cc3b9373db27",
  "pins" : [
    {
      "identity" : "wuhu-fetch",
      "kind" : "remoteSourceControl",
      "location" : "https://github.com/wuhu-labs/wuhu-fetch",
      "state" : {
        "branch" : "main",
        "revision" : "7bf06c9df72abe80fd1d6473cc7978dfbefc56c5"
      }
    }
  ],
  "version" : 3
}
